// !$*UTF8*$!
{
	archiveVersion = 1;
	classes = {
	};
	objectVersion = 46;
	objects = {

/* Begin PBXBuildFile section */
		0DFFB27C1B896E80001E1EA4 /* AppDelegate.swift in Sources */ = {isa = PBXBuildFile; fileRef = 0DFFB27B1B896E80001E1EA4 /* AppDelegate.swift */; };
		0DFFB27F1B896E80001E1EA4 /* DailyRecord.xcdatamodeld in Sources */ = {isa = PBXBuildFile; fileRef = 0DFFB27D1B896E80001E1EA4 /* DailyRecord.xcdatamodeld */; };
		0DFFB2811B896E80001E1EA4 /* ViewController.swift in Sources */ = {isa = PBXBuildFile; fileRef = 0DFFB2801B896E80001E1EA4 /* ViewController.swift */; };
		0DFFB2841B896E80001E1EA4 /* Main.storyboard in Resources */ = {isa = PBXBuildFile; fileRef = 0DFFB2821B896E80001E1EA4 /* Main.storyboard */; };
		0DFFB2861B896E81001E1EA4 /* Images.xcassets in Resources */ = {isa = PBXBuildFile; fileRef = 0DFFB2851B896E81001E1EA4 /* Images.xcassets */; };
		0DFFB2891B896E81001E1EA4 /* LaunchScreen.xib in Resources */ = {isa = PBXBuildFile; fileRef = 0DFFB2871B896E81001E1EA4 /* LaunchScreen.xib */; };
		0DFFB2951B896E81001E1EA4 /* DailyRecordTests.swift in Sources */ = {isa = PBXBuildFile; fileRef = 0DFFB2941B896E81001E1EA4 /* DailyRecordTests.swift */; };
		9A0794CD1CD4682300A6F664 /* RepeatDialogViewController.swift in Sources */ = {isa = PBXBuildFile; fileRef = 9A0794CC1CD4682300A6F664 /* RepeatDialogViewController.swift */; };
		9A0794CF1CD4ADCF00A6F664 /* RemindTableViewCell.swift in Sources */ = {isa = PBXBuildFile; fileRef = 9A0794CE1CD4ADCF00A6F664 /* RemindTableViewCell.swift */; };
		9A1C3F441CB2B26600F134F0 /* Utils.swift in Sources */ = {isa = PBXBuildFile; fileRef = 9A1C3F431CB2B26600F134F0 /* Utils.swift */; };
		9A1C3F461CB2BA8800F134F0 /* DatePickerDialog.swift in Sources */ = {isa = PBXBuildFile; fileRef = 9A1C3F451CB2BA8800F134F0 /* DatePickerDialog.swift */; };
		9A25FF281CCD98E600A255F8 /* CheckViewController.swift in Sources */ = {isa = PBXBuildFile; fileRef = 9A25FF271CCD98E600A255F8 /* CheckViewController.swift */; };
		9A35D4181CB33FE4008B26F3 /* minus.png in Resources */ = {isa = PBXBuildFile; fileRef = 9A35D4161CB33FE4008B26F3 /* minus.png */; };
		9A35D4191CB33FE4008B26F3 /* plus.png in Resources */ = {isa = PBXBuildFile; fileRef = 9A35D4171CB33FE4008B26F3 /* plus.png */; };
		9A46CF6B1C7954DC00964A71 /* forward.png in Resources */ = {isa = PBXBuildFile; fileRef = 9A46CF671C7954DC00964A71 /* forward.png */; };
		9A46CF6C1C7954DC00964A71 /* thisday.png in Resources */ = {isa = PBXBuildFile; fileRef = 9A46CF681C7954DC00964A71 /* thisday.png */; };
		9A46CF6D1C7954DC00964A71 /* thismonth.png in Resources */ = {isa = PBXBuildFile; fileRef = 9A46CF691C7954DC00964A71 /* thismonth.png */; };
		9A46CF6E1C7954DC00964A71 /* thisweek.png in Resources */ = {isa = PBXBuildFile; fileRef = 9A46CF6A1C7954DC00964A71 /* thisweek.png */; };
		9A5F605B1C6C9A3F0097F6F6 /* SettingViewController.swift in Sources */ = {isa = PBXBuildFile; fileRef = 9A5F605A1C6C9A3F0097F6F6 /* SettingViewController.swift */; };
		9A6E08EA1C7011EC00C0358A /* RecordTemplate.swift in Sources */ = {isa = PBXBuildFile; fileRef = 9A6E08E91C7011EC00C0358A /* RecordTemplate.swift */; };
		9A76AB841C74CD2B000E8B53 /* blackdot.png in Resources */ = {isa = PBXBuildFile; fileRef = 9A76AB801C74CD2B000E8B53 /* blackdot.png */; };
		9A76AB851C74CD2B000E8B53 /* greendot.png in Resources */ = {isa = PBXBuildFile; fileRef = 9A76AB811C74CD2B000E8B53 /* greendot.png */; };
		9A76AB861C74CD2B000E8B53 /* reddot.png in Resources */ = {isa = PBXBuildFile; fileRef = 9A76AB821C74CD2B000E8B53 /* reddot.png */; };
		9A76AB871C74CD2B000E8B53 /* whitedot.png in Resources */ = {isa = PBXBuildFile; fileRef = 9A76AB831C74CD2B000E8B53 /* whitedot.png */; };
		9A7908191C7BED14008CE40F /* IndustryViewController.swift in Sources */ = {isa = PBXBuildFile; fileRef = 9A7908181C7BED14008CE40F /* IndustryViewController.swift */; };
		9A79081B1C7BED2A008CE40F /* CheckSummaryViewController.swift in Sources */ = {isa = PBXBuildFile; fileRef = 9A79081A1C7BED2A008CE40F /* CheckSummaryViewController.swift */; };
		9A7F8B681CCA26B2004BC3AC /* CheckAndSumSettingViewController.swift in Sources */ = {isa = PBXBuildFile; fileRef = 9A7F8B671CCA26B2004BC3AC /* CheckAndSumSettingViewController.swift */; };
		9A7F8B6A1CCA364F004BC3AC /* Industry.swift in Sources */ = {isa = PBXBuildFile; fileRef = 9A7F8B691CCA364F004BC3AC /* Industry.swift */; };
		9A7F8B6C1CCA5681004BC3AC /* CheckDialogViewController.swift in Sources */ = {isa = PBXBuildFile; fileRef = 9A7F8B6B1CCA5681004BC3AC /* CheckDialogViewController.swift */; };
		9A7F8B741CCC6232004BC3AC /* CustomPNPieChart.swift in Sources */ = {isa = PBXBuildFile; fileRef = 9A7F8B731CCC6232004BC3AC /* CustomPNPieChart.swift */; };
		9A7F8B761CCC73A1004BC3AC /* RecordViewController.swift in Sources */ = {isa = PBXBuildFile; fileRef = 9A7F8B751CCC73A1004BC3AC /* RecordViewController.swift */; };
		9AC8B1981C6D931C0064B5CC /* calendar.png in Resources */ = {isa = PBXBuildFile; fileRef = 9AC8B1901C6D931C0064B5CC /* calendar.png */; };
		9AC8B1991C6D931C0064B5CC /* chart.png in Resources */ = {isa = PBXBuildFile; fileRef = 9AC8B1911C6D931C0064B5CC /* chart.png */; };
		9AC8B19A1C6D931C0064B5CC /* ic_launcher@2x.png in Resources */ = {isa = PBXBuildFile; fileRef = 9AC8B1921C6D931C0064B5CC /* ic_launcher@2x.png */; };
		9AC8B19B1C6D931C0064B5CC /* ic_launcher@3x.png in Resources */ = {isa = PBXBuildFile; fileRef = 9AC8B1931C6D931C0064B5CC /* ic_launcher@3x.png */; };
		9AC8B19C1C6D931C0064B5CC /* main_bg.jpg in Resources */ = {isa = PBXBuildFile; fileRef = 9AC8B1941C6D931C0064B5CC /* main_bg.jpg */; };
		9AC8B19D1C6D931C0064B5CC /* setting.png in Resources */ = {isa = PBXBuildFile; fileRef = 9AC8B1951C6D931C0064B5CC /* setting.png */; };
		9AC8B19E1C6D931C0064B5CC /* template.png in Resources */ = {isa = PBXBuildFile; fileRef = 9AC8B1961C6D931C0064B5CC /* template.png */; };
		9AC8B19F1C6D931C0064B5CC /* title_bar.png in Resources */ = {isa = PBXBuildFile; fileRef = 9AC8B1971C6D931C0064B5CC /* title_bar.png */; };
		9ACCA6251C6EC2CD00AF7D55 /* AboutViewController.swift in Sources */ = {isa = PBXBuildFile; fileRef = 9ACCA6241C6EC2CD00AF7D55 /* AboutViewController.swift */; };
		9AD056191CD1F71F000BC07E /* DayCollectionViewCell.swift in Sources */ = {isa = PBXBuildFile; fileRef = 9AD056181CD1F71F000BC07E /* DayCollectionViewCell.swift */; };
		9AD0561E1CD226F1000BC07E /* triangle05_pressed.png in Resources */ = {isa = PBXBuildFile; fileRef = 9AD0561A1CD226F1000BC07E /* triangle05_pressed.png */; };
		9AD0561F1CD226F1000BC07E /* triangle05.png in Resources */ = {isa = PBXBuildFile; fileRef = 9AD0561B1CD226F1000BC07E /* triangle05.png */; };
		9AD056201CD226F1000BC07E /* triangle06_pressed.png in Resources */ = {isa = PBXBuildFile; fileRef = 9AD0561C1CD226F1000BC07E /* triangle06_pressed.png */; };
		9AD056211CD226F1000BC07E /* triangle06.png in Resources */ = {isa = PBXBuildFile; fileRef = 9AD0561D1CD226F1000BC07E /* triangle06.png */; };
		9AD056231CD2318E000BC07E /* CalendarDayViewController.swift in Sources */ = {isa = PBXBuildFile; fileRef = 9AD056221CD2318E000BC07E /* CalendarDayViewController.swift */; };
		9AD94BBA1C6D6426006216BB /* ChartViewController.swift in Sources */ = {isa = PBXBuildFile; fileRef = 9AD94BB91C6D6426006216BB /* ChartViewController.swift */; };
		9AD94BBC1C6D644D006216BB /* CalendarViewController.swift in Sources */ = {isa = PBXBuildFile; fileRef = 9AD94BBB1C6D644D006216BB /* CalendarViewController.swift */; };
		9AD94BBE1C6D6460006216BB /* TemplateViewController.swift in Sources */ = {isa = PBXBuildFile; fileRef = 9AD94BBD1C6D6460006216BB /* TemplateViewController.swift */; };
		9AE8F6221C7611C500471786 /* AddTemplateViewController.swift in Sources */ = {isa = PBXBuildFile; fileRef = 9AE8F6211C7611C500471786 /* AddTemplateViewController.swift */; };
		9AE9E52F1CD24F9A004A47B5 /* IndustryCollectionViewCell.swift in Sources */ = {isa = PBXBuildFile; fileRef = 9AE9E52E1CD24F9A004A47B5 /* IndustryCollectionViewCell.swift */; };
		9AE9E5311CD34EA1004A47B5 /* IndustryContentDialogVIewController.swift in Sources */ = {isa = PBXBuildFile; fileRef = 9AE9E5301CD34EA1004A47B5 /* IndustryContentDialogVIewController.swift */; };
		9AE9E5331CD3A833004A47B5 /* RemindViewController.swift in Sources */ = {isa = PBXBuildFile; fileRef = 9AE9E5321CD3A833004A47B5 /* RemindViewController.swift */; };
		9AE9E5351CD3A8B3004A47B5 /* AddRemindViewController.swift in Sources */ = {isa = PBXBuildFile; fileRef = 9AE9E5341CD3A8B3004A47B5 /* AddRemindViewController.swift */; };
		9AE9E5371CD3AAA3004A47B5 /* Remind.swift in Sources */ = {isa = PBXBuildFile; fileRef = 9AE9E5361CD3AAA3004A47B5 /* Remind.swift */; };
		AA18BDFD3772C2DCC52728DD /* Pods_DailyRecord.framework in Frameworks */ = {isa = PBXBuildFile; fileRef = 51D520703C05826325E64156 /* Pods_DailyRecord.framework */; };
/* End PBXBuildFile section */

/* Begin PBXContainerItemProxy section */
		0DFFB28F1B896E81001E1EA4 /* PBXContainerItemProxy */ = {
			isa = PBXContainerItemProxy;
			containerPortal = 0DFFB26E1B896E80001E1EA4 /* Project object */;
			proxyType = 1;
			remoteGlobalIDString = 0DFFB2751B896E80001E1EA4;
			remoteInfo = DailyRecord;
		};
/* End PBXContainerItemProxy section */

/* Begin PBXFileReference section */
		01533493C53F8944702EA0BC /* Pods-DailyRecord.release.xcconfig */ = {isa = PBXFileReference; includeInIndex = 1; lastKnownFileType = text.xcconfig; name = "Pods-DailyRecord.release.xcconfig"; path = "Pods/Target Support Files/Pods-DailyRecord/Pods-DailyRecord.release.xcconfig"; sourceTree = "<group>"; };
		0DFFB2761B896E80001E1EA4 /* 功过格.app */ = {isa = PBXFileReference; explicitFileType = wrapper.application; includeInIndex = 0; path = "功过格.app"; sourceTree = BUILT_PRODUCTS_DIR; };
		0DFFB27A1B896E80001E1EA4 /* Info.plist */ = {isa = PBXFileReference; lastKnownFileType = text.plist.xml; path = Info.plist; sourceTree = "<group>"; };
		0DFFB27B1B896E80001E1EA4 /* AppDelegate.swift */ = {isa = PBXFileReference; lastKnownFileType = sourcecode.swift; path = AppDelegate.swift; sourceTree = "<group>"; };
		0DFFB27E1B896E80001E1EA4 /* DailyRecord.xcdatamodel */ = {isa = PBXFileReference; lastKnownFileType = wrapper.xcdatamodel; path = DailyRecord.xcdatamodel; sourceTree = "<group>"; };
		0DFFB2801B896E80001E1EA4 /* ViewController.swift */ = {isa = PBXFileReference; lastKnownFileType = sourcecode.swift; path = ViewController.swift; sourceTree = "<group>"; };
		0DFFB2831B896E80001E1EA4 /* Base */ = {isa = PBXFileReference; lastKnownFileType = file.storyboard; name = Base; path = Base.lproj/Main.storyboard; sourceTree = "<group>"; };
		0DFFB2851B896E81001E1EA4 /* Images.xcassets */ = {isa = PBXFileReference; lastKnownFileType = folder.assetcatalog; path = Images.xcassets; sourceTree = "<group>"; };
		0DFFB2881B896E81001E1EA4 /* Base */ = {isa = PBXFileReference; lastKnownFileType = file.xib; name = Base; path = Base.lproj/LaunchScreen.xib; sourceTree = "<group>"; };
		0DFFB28E1B896E81001E1EA4 /* DailyRecordTests.xctest */ = {isa = PBXFileReference; explicitFileType = wrapper.cfbundle; includeInIndex = 0; path = DailyRecordTests.xctest; sourceTree = BUILT_PRODUCTS_DIR; };
		0DFFB2931B896E81001E1EA4 /* Info.plist */ = {isa = PBXFileReference; lastKnownFileType = text.plist.xml; path = Info.plist; sourceTree = "<group>"; };
		0DFFB2941B896E81001E1EA4 /* DailyRecordTests.swift */ = {isa = PBXFileReference; lastKnownFileType = sourcecode.swift; path = DailyRecordTests.swift; sourceTree = "<group>"; };
		51D520703C05826325E64156 /* Pods_DailyRecord.framework */ = {isa = PBXFileReference; explicitFileType = wrapper.framework; includeInIndex = 0; path = Pods_DailyRecord.framework; sourceTree = BUILT_PRODUCTS_DIR; };
		9A0794CC1CD4682300A6F664 /* RepeatDialogViewController.swift */ = {isa = PBXFileReference; fileEncoding = 4; lastKnownFileType = sourcecode.swift; path = RepeatDialogViewController.swift; sourceTree = "<group>"; };
		9A0794CE1CD4ADCF00A6F664 /* RemindTableViewCell.swift */ = {isa = PBXFileReference; fileEncoding = 4; lastKnownFileType = sourcecode.swift; path = RemindTableViewCell.swift; sourceTree = "<group>"; };
		9A1C3F431CB2B26600F134F0 /* Utils.swift */ = {isa = PBXFileReference; fileEncoding = 4; lastKnownFileType = sourcecode.swift; path = Utils.swift; sourceTree = "<group>"; };
		9A1C3F451CB2BA8800F134F0 /* DatePickerDialog.swift */ = {isa = PBXFileReference; fileEncoding = 4; lastKnownFileType = sourcecode.swift; path = DatePickerDialog.swift; sourceTree = "<group>"; };
		9A25FF271CCD98E600A255F8 /* CheckViewController.swift */ = {isa = PBXFileReference; fileEncoding = 4; lastKnownFileType = sourcecode.swift; path = CheckViewController.swift; sourceTree = "<group>"; };
		9A35D4161CB33FE4008B26F3 /* minus.png */ = {isa = PBXFileReference; lastKnownFileType = image.png; name = minus.png; path = Resources/minus.png; sourceTree = "<group>"; };
		9A35D4171CB33FE4008B26F3 /* plus.png */ = {isa = PBXFileReference; lastKnownFileType = image.png; name = plus.png; path = Resources/plus.png; sourceTree = "<group>"; };
		9A46CF671C7954DC00964A71 /* forward.png */ = {isa = PBXFileReference; lastKnownFileType = image.png; name = forward.png; path = Resources/forward.png; sourceTree = "<group>"; };
		9A46CF681C7954DC00964A71 /* thisday.png */ = {isa = PBXFileReference; lastKnownFileType = image.png; name = thisday.png; path = Resources/thisday.png; sourceTree = "<group>"; };
		9A46CF691C7954DC00964A71 /* thismonth.png */ = {isa = PBXFileReference; lastKnownFileType = image.png; name = thismonth.png; path = Resources/thismonth.png; sourceTree = "<group>"; };
		9A46CF6A1C7954DC00964A71 /* thisweek.png */ = {isa = PBXFileReference; lastKnownFileType = image.png; name = thisweek.png; path = Resources/thisweek.png; sourceTree = "<group>"; };
		9A5F605A1C6C9A3F0097F6F6 /* SettingViewController.swift */ = {isa = PBXFileReference; fileEncoding = 4; lastKnownFileType = sourcecode.swift; path = SettingViewController.swift; sourceTree = "<group>"; };
		9A6E08E91C7011EC00C0358A /* RecordTemplate.swift */ = {isa = PBXFileReference; fileEncoding = 4; lastKnownFileType = sourcecode.swift; path = RecordTemplate.swift; sourceTree = "<group>"; };
		9A76AB801C74CD2B000E8B53 /* blackdot.png */ = {isa = PBXFileReference; lastKnownFileType = image.png; name = blackdot.png; path = Resources/blackdot.png; sourceTree = "<group>"; };
		9A76AB811C74CD2B000E8B53 /* greendot.png */ = {isa = PBXFileReference; lastKnownFileType = image.png; name = greendot.png; path = Resources/greendot.png; sourceTree = "<group>"; };
		9A76AB821C74CD2B000E8B53 /* reddot.png */ = {isa = PBXFileReference; lastKnownFileType = image.png; name = reddot.png; path = Resources/reddot.png; sourceTree = "<group>"; };
		9A76AB831C74CD2B000E8B53 /* whitedot.png */ = {isa = PBXFileReference; lastKnownFileType = image.png; name = whitedot.png; path = Resources/whitedot.png; sourceTree = "<group>"; };
		9A7908181C7BED14008CE40F /* IndustryViewController.swift */ = {isa = PBXFileReference; fileEncoding = 4; lastKnownFileType = sourcecode.swift; path = IndustryViewController.swift; sourceTree = "<group>"; };
		9A79081A1C7BED2A008CE40F /* CheckSummaryViewController.swift */ = {isa = PBXFileReference; fileEncoding = 4; lastKnownFileType = sourcecode.swift; path = CheckSummaryViewController.swift; sourceTree = "<group>"; };
		9A7F8B671CCA26B2004BC3AC /* CheckAndSumSettingViewController.swift */ = {isa = PBXFileReference; fileEncoding = 4; lastKnownFileType = sourcecode.swift; path = CheckAndSumSettingViewController.swift; sourceTree = "<group>"; };
		9A7F8B691CCA364F004BC3AC /* Industry.swift */ = {isa = PBXFileReference; fileEncoding = 4; lastKnownFileType = sourcecode.swift; path = Industry.swift; sourceTree = "<group>"; };
		9A7F8B6B1CCA5681004BC3AC /* CheckDialogViewController.swift */ = {isa = PBXFileReference; fileEncoding = 4; lastKnownFileType = sourcecode.swift; path = CheckDialogViewController.swift; sourceTree = "<group>"; };
		9A7F8B6F1CCC5747004BC3AC /* DailyRecord-Bridging-Header.h */ = {isa = PBXFileReference; lastKnownFileType = sourcecode.c.h; path = "DailyRecord-Bridging-Header.h"; sourceTree = "<group>"; };
		9A7F8B731CCC6232004BC3AC /* CustomPNPieChart.swift */ = {isa = PBXFileReference; fileEncoding = 4; lastKnownFileType = sourcecode.swift; path = CustomPNPieChart.swift; sourceTree = "<group>"; };
		9A7F8B751CCC73A1004BC3AC /* RecordViewController.swift */ = {isa = PBXFileReference; fileEncoding = 4; lastKnownFileType = sourcecode.swift; path = RecordViewController.swift; sourceTree = "<group>"; };
		9AC8B1901C6D931C0064B5CC /* calendar.png */ = {isa = PBXFileReference; lastKnownFileType = image.png; name = calendar.png; path = Resources/calendar.png; sourceTree = "<group>"; };
		9AC8B1911C6D931C0064B5CC /* chart.png */ = {isa = PBXFileReference; lastKnownFileType = image.png; name = chart.png; path = Resources/chart.png; sourceTree = "<group>"; };
		9AC8B1921C6D931C0064B5CC /* ic_launcher@2x.png */ = {isa = PBXFileReference; lastKnownFileType = image.png; name = "ic_launcher@2x.png"; path = "Resources/ic_launcher@2x.png"; sourceTree = "<group>"; };
		9AC8B1931C6D931C0064B5CC /* ic_launcher@3x.png */ = {isa = PBXFileReference; lastKnownFileType = image.png; name = "ic_launcher@3x.png"; path = "Resources/ic_launcher@3x.png"; sourceTree = "<group>"; };
		9AC8B1941C6D931C0064B5CC /* main_bg.jpg */ = {isa = PBXFileReference; lastKnownFileType = image.jpeg; name = main_bg.jpg; path = Resources/main_bg.jpg; sourceTree = "<group>"; };
		9AC8B1951C6D931C0064B5CC /* setting.png */ = {isa = PBXFileReference; lastKnownFileType = image.png; name = setting.png; path = Resources/setting.png; sourceTree = "<group>"; };
		9AC8B1961C6D931C0064B5CC /* template.png */ = {isa = PBXFileReference; lastKnownFileType = image.png; name = template.png; path = Resources/template.png; sourceTree = "<group>"; };
		9AC8B1971C6D931C0064B5CC /* title_bar.png */ = {isa = PBXFileReference; lastKnownFileType = image.png; name = title_bar.png; path = Resources/title_bar.png; sourceTree = "<group>"; };
		9ACCA6241C6EC2CD00AF7D55 /* AboutViewController.swift */ = {isa = PBXFileReference; fileEncoding = 4; lastKnownFileType = sourcecode.swift; path = AboutViewController.swift; sourceTree = "<group>"; };
		9AD056181CD1F71F000BC07E /* DayCollectionViewCell.swift */ = {isa = PBXFileReference; fileEncoding = 4; lastKnownFileType = sourcecode.swift; path = DayCollectionViewCell.swift; sourceTree = "<group>"; };
		9AD0561A1CD226F1000BC07E /* triangle05_pressed.png */ = {isa = PBXFileReference; lastKnownFileType = image.png; name = triangle05_pressed.png; path = Resources/triangle05_pressed.png; sourceTree = "<group>"; };
		9AD0561B1CD226F1000BC07E /* triangle05.png */ = {isa = PBXFileReference; lastKnownFileType = image.png; name = triangle05.png; path = Resources/triangle05.png; sourceTree = "<group>"; };
		9AD0561C1CD226F1000BC07E /* triangle06_pressed.png */ = {isa = PBXFileReference; lastKnownFileType = image.png; name = triangle06_pressed.png; path = Resources/triangle06_pressed.png; sourceTree = "<group>"; };
		9AD0561D1CD226F1000BC07E /* triangle06.png */ = {isa = PBXFileReference; lastKnownFileType = image.png; name = triangle06.png; path = Resources/triangle06.png; sourceTree = "<group>"; };
		9AD056221CD2318E000BC07E /* CalendarDayViewController.swift */ = {isa = PBXFileReference; fileEncoding = 4; lastKnownFileType = sourcecode.swift; path = CalendarDayViewController.swift; sourceTree = "<group>"; };
		9AD94BB91C6D6426006216BB /* ChartViewController.swift */ = {isa = PBXFileReference; fileEncoding = 4; lastKnownFileType = sourcecode.swift; path = ChartViewController.swift; sourceTree = "<group>"; };
		9AD94BBB1C6D644D006216BB /* CalendarViewController.swift */ = {isa = PBXFileReference; fileEncoding = 4; lastKnownFileType = sourcecode.swift; path = CalendarViewController.swift; sourceTree = "<group>"; };
		9AD94BBD1C6D6460006216BB /* TemplateViewController.swift */ = {isa = PBXFileReference; fileEncoding = 4; lastKnownFileType = sourcecode.swift; path = TemplateViewController.swift; sourceTree = "<group>"; };
		9AE8F6211C7611C500471786 /* AddTemplateViewController.swift */ = {isa = PBXFileReference; fileEncoding = 4; lastKnownFileType = sourcecode.swift; path = AddTemplateViewController.swift; sourceTree = "<group>"; };
		9AE9E52E1CD24F9A004A47B5 /* IndustryCollectionViewCell.swift */ = {isa = PBXFileReference; fileEncoding = 4; lastKnownFileType = sourcecode.swift; path = IndustryCollectionViewCell.swift; sourceTree = "<group>"; };
		9AE9E5301CD34EA1004A47B5 /* IndustryContentDialogVIewController.swift */ = {isa = PBXFileReference; fileEncoding = 4; lastKnownFileType = sourcecode.swift; path = IndustryContentDialogVIewController.swift; sourceTree = "<group>"; };
		9AE9E5321CD3A833004A47B5 /* RemindViewController.swift */ = {isa = PBXFileReference; fileEncoding = 4; lastKnownFileType = sourcecode.swift; path = RemindViewController.swift; sourceTree = "<group>"; };
		9AE9E5341CD3A8B3004A47B5 /* AddRemindViewController.swift */ = {isa = PBXFileReference; fileEncoding = 4; lastKnownFileType = sourcecode.swift; path = AddRemindViewController.swift; sourceTree = "<group>"; };
		9AE9E5361CD3AAA3004A47B5 /* Remind.swift */ = {isa = PBXFileReference; fileEncoding = 4; lastKnownFileType = sourcecode.swift; path = Remind.swift; sourceTree = "<group>"; };
		DBF5CAD9252C59CCEFB9F1A0 /* Pods-DailyRecord.debug.xcconfig */ = {isa = PBXFileReference; includeInIndex = 1; lastKnownFileType = text.xcconfig; name = "Pods-DailyRecord.debug.xcconfig"; path = "Pods/Target Support Files/Pods-DailyRecord/Pods-DailyRecord.debug.xcconfig"; sourceTree = "<group>"; };
/* End PBXFileReference section */

/* Begin PBXFrameworksBuildPhase section */
		0DFFB2731B896E80001E1EA4 /* Frameworks */ = {
			isa = PBXFrameworksBuildPhase;
			buildActionMask = 2147483647;
			files = (
				AA18BDFD3772C2DCC52728DD /* Pods_DailyRecord.framework in Frameworks */,
			);
			runOnlyForDeploymentPostprocessing = 0;
		};
		0DFFB28B1B896E81001E1EA4 /* Frameworks */ = {
			isa = PBXFrameworksBuildPhase;
			buildActionMask = 2147483647;
			files = (
			);
			runOnlyForDeploymentPostprocessing = 0;
		};
/* End PBXFrameworksBuildPhase section */

/* Begin PBXGroup section */
		0D6743451B898C5B00F6F22C /* Resources */ = {
			isa = PBXGroup;
			children = (
				9AD0561A1CD226F1000BC07E /* triangle05_pressed.png */,
				9AD0561B1CD226F1000BC07E /* triangle05.png */,
				9AD0561C1CD226F1000BC07E /* triangle06_pressed.png */,
				9AD0561D1CD226F1000BC07E /* triangle06.png */,
				9A35D4161CB33FE4008B26F3 /* minus.png */,
				9A35D4171CB33FE4008B26F3 /* plus.png */,
				9A46CF671C7954DC00964A71 /* forward.png */,
				9A46CF681C7954DC00964A71 /* thisday.png */,
				9A46CF691C7954DC00964A71 /* thismonth.png */,
				9A46CF6A1C7954DC00964A71 /* thisweek.png */,
				9A76AB801C74CD2B000E8B53 /* blackdot.png */,
				9A76AB811C74CD2B000E8B53 /* greendot.png */,
				9A76AB821C74CD2B000E8B53 /* reddot.png */,
				9A76AB831C74CD2B000E8B53 /* whitedot.png */,
				9AC8B1901C6D931C0064B5CC /* calendar.png */,
				9AC8B1911C6D931C0064B5CC /* chart.png */,
				9AC8B1921C6D931C0064B5CC /* ic_launcher@2x.png */,
				9AC8B1931C6D931C0064B5CC /* ic_launcher@3x.png */,
				9AC8B1941C6D931C0064B5CC /* main_bg.jpg */,
				9AC8B1951C6D931C0064B5CC /* setting.png */,
				9AC8B1961C6D931C0064B5CC /* template.png */,
				9AC8B1971C6D931C0064B5CC /* title_bar.png */,
			);
			name = Resources;
			sourceTree = "<group>";
		};
		0DFFB26D1B896E80001E1EA4 = {
			isa = PBXGroup;
			children = (
				0DFFB2781B896E80001E1EA4 /* DailyRecord */,
				0DFFB2911B896E81001E1EA4 /* DailyRecordTests */,
				0DFFB2771B896E80001E1EA4 /* Products */,
				E82184C540907CCF08AD24B4 /* Pods */,
				6EBDE3A1651FA60ABC0CD3BD /* Frameworks */,
			);
			sourceTree = "<group>";
		};
		0DFFB2771B896E80001E1EA4 /* Products */ = {
			isa = PBXGroup;
			children = (
				0DFFB2761B896E80001E1EA4 /* 功过格.app */,
				0DFFB28E1B896E81001E1EA4 /* DailyRecordTests.xctest */,
			);
			name = Products;
			sourceTree = "<group>";
		};
		0DFFB2781B896E80001E1EA4 /* DailyRecord */ = {
			isa = PBXGroup;
			children = (
				9A198E9F1CD62EBD00FE27C9 /* Dialog */,
				9A198E9E1CD62E9600FE27C9 /* ViewCell */,
				9A198E9D1CD62E7A00FE27C9 /* Utils */,
				9A198E9C1CD62E6E00FE27C9 /* Realm */,
				9A198E9B1CD62E5400FE27C9 /* ViewController */,
				0DFFB27B1B896E80001E1EA4 /* AppDelegate.swift */,
				0DFFB2801B896E80001E1EA4 /* ViewController.swift */,
				0DFFB2821B896E80001E1EA4 /* Main.storyboard */,
				0DFFB2851B896E81001E1EA4 /* Images.xcassets */,
				0DFFB2871B896E81001E1EA4 /* LaunchScreen.xib */,
				9A7F8B6F1CCC5747004BC3AC /* DailyRecord-Bridging-Header.h */,
				0DFFB27D1B896E80001E1EA4 /* DailyRecord.xcdatamodeld */,
				0D6743451B898C5B00F6F22C /* Resources */,
				0DFFB2791B896E80001E1EA4 /* Supporting Files */,
			);
			path = DailyRecord;
			sourceTree = "<group>";
		};
		0DFFB2791B896E80001E1EA4 /* Supporting Files */ = {
			isa = PBXGroup;
			children = (
				0DFFB27A1B896E80001E1EA4 /* Info.plist */,
			);
			name = "Supporting Files";
			sourceTree = "<group>";
		};
		0DFFB2911B896E81001E1EA4 /* DailyRecordTests */ = {
			isa = PBXGroup;
			children = (
				0DFFB2941B896E81001E1EA4 /* DailyRecordTests.swift */,
				0DFFB2921B896E81001E1EA4 /* Supporting Files */,
			);
			path = DailyRecordTests;
			sourceTree = "<group>";
		};
		0DFFB2921B896E81001E1EA4 /* Supporting Files */ = {
			isa = PBXGroup;
			children = (
				0DFFB2931B896E81001E1EA4 /* Info.plist */,
			);
			name = "Supporting Files";
			sourceTree = "<group>";
		};
		6EBDE3A1651FA60ABC0CD3BD /* Frameworks */ = {
			isa = PBXGroup;
			children = (
				51D520703C05826325E64156 /* Pods_DailyRecord.framework */,
			);
			name = Frameworks;
			sourceTree = "<group>";
		};
		9A198E9B1CD62E5400FE27C9 /* ViewController */ = {
			isa = PBXGroup;
			children = (
				9ACCA6241C6EC2CD00AF7D55 /* AboutViewController.swift */,
				9AE9E5341CD3A8B3004A47B5 /* AddRemindViewController.swift */,
				9AE8F6211C7611C500471786 /* AddTemplateViewController.swift */,
				9AD056221CD2318E000BC07E /* CalendarDayViewController.swift */,
				9AD94BBB1C6D644D006216BB /* CalendarViewController.swift */,
				9AD94BB91C6D6426006216BB /* ChartViewController.swift */,
				9A7F8B671CCA26B2004BC3AC /* CheckAndSumSettingViewController.swift */,
				9A79081A1C7BED2A008CE40F /* CheckSummaryViewController.swift */,
				9A25FF271CCD98E600A255F8 /* CheckViewController.swift */,
				9A7908181C7BED14008CE40F /* IndustryViewController.swift */,
				9A7F8B751CCC73A1004BC3AC /* RecordViewController.swift */,
				9AE9E5321CD3A833004A47B5 /* RemindViewController.swift */,
				9A5F605A1C6C9A3F0097F6F6 /* SettingViewController.swift */,
				9AD94BBD1C6D6460006216BB /* TemplateViewController.swift */,
			);
			name = ViewController;
			sourceTree = "<group>";
		};
		9A198E9C1CD62E6E00FE27C9 /* Realm */ = {
			isa = PBXGroup;
			children = (
				9A7F8B691CCA364F004BC3AC /* Industry.swift */,
				9A6E08E91C7011EC00C0358A /* RecordTemplate.swift */,
				9AE9E5361CD3AAA3004A47B5 /* Remind.swift */,
			);
			name = Realm;
			sourceTree = "<group>";
		};
		9A198E9D1CD62E7A00FE27C9 /* Utils */ = {
			isa = PBXGroup;
			children = (
				9A7F8B731CCC6232004BC3AC /* CustomPNPieChart.swift */,
				9A1C3F451CB2BA8800F134F0 /* DatePickerDialog.swift */,
				9A1C3F431CB2B26600F134F0 /* Utils.swift */,
			);
			name = Utils;
			sourceTree = "<group>";
		};
		9A198E9E1CD62E9600FE27C9 /* ViewCell */ = {
			isa = PBXGroup;
			children = (
				9AD056181CD1F71F000BC07E /* DayCollectionViewCell.swift */,
				9AE9E52E1CD24F9A004A47B5 /* IndustryCollectionViewCell.swift */,
				9A0794CE1CD4ADCF00A6F664 /* RemindTableViewCell.swift */,
			);
			name = ViewCell;
			sourceTree = "<group>";
		};
		9A198E9F1CD62EBD00FE27C9 /* Dialog */ = {
			isa = PBXGroup;
			children = (
				9A7F8B6B1CCA5681004BC3AC /* CheckDialogViewController.swift */,
				9AE9E5301CD34EA1004A47B5 /* IndustryContentDialogVIewController.swift */,
				9A0794CC1CD4682300A6F664 /* RepeatDialogViewController.swift */,
			);
			name = Dialog;
			sourceTree = "<group>";
		};
		E82184C540907CCF08AD24B4 /* Pods */ = {
			isa = PBXGroup;
			children = (
				DBF5CAD9252C59CCEFB9F1A0 /* Pods-DailyRecord.debug.xcconfig */,
				01533493C53F8944702EA0BC /* Pods-DailyRecord.release.xcconfig */,
			);
			name = Pods;
			sourceTree = "<group>";
		};
/* End PBXGroup section */

/* Begin PBXNativeTarget section */
		0DFFB2751B896E80001E1EA4 /* DailyRecord */ = {
			isa = PBXNativeTarget;
			buildConfigurationList = 0DFFB2981B896E81001E1EA4 /* Build configuration list for PBXNativeTarget "DailyRecord" */;
			buildPhases = (
				5FA7706DE03D13D4911279DE /* Check Pods Manifest.lock */,
				0DFFB2721B896E80001E1EA4 /* Sources */,
				0DFFB2731B896E80001E1EA4 /* Frameworks */,
				0DFFB2741B896E80001E1EA4 /* Resources */,
				FA57796CE391BA4A57FDECFD /* Embed Pods Frameworks */,
				FC146E2035E9CA2BFA9A6DB5 /* Copy Pods Resources */,
			);
			buildRules = (
			);
			dependencies = (
			);
			name = DailyRecord;
			productName = DailyRecord;
			productReference = 0DFFB2761B896E80001E1EA4 /* 功过格.app */;
			productType = "com.apple.product-type.application";
		};
		0DFFB28D1B896E81001E1EA4 /* DailyRecordTests */ = {
			isa = PBXNativeTarget;
			buildConfigurationList = 0DFFB29B1B896E81001E1EA4 /* Build configuration list for PBXNativeTarget "DailyRecordTests" */;
			buildPhases = (
				0DFFB28A1B896E81001E1EA4 /* Sources */,
				0DFFB28B1B896E81001E1EA4 /* Frameworks */,
				0DFFB28C1B896E81001E1EA4 /* Resources */,
			);
			buildRules = (
			);
			dependencies = (
				0DFFB2901B896E81001E1EA4 /* PBXTargetDependency */,
			);
			name = DailyRecordTests;
			productName = DailyRecordTests;
			productReference = 0DFFB28E1B896E81001E1EA4 /* DailyRecordTests.xctest */;
			productType = "com.apple.product-type.bundle.unit-test";
		};
/* End PBXNativeTarget section */

/* Begin PBXProject section */
		0DFFB26E1B896E80001E1EA4 /* Project object */ = {
			isa = PBXProject;
			attributes = {
				LastSwiftMigration = 0700;
				LastSwiftUpdateCheck = 0730;
				LastUpgradeCheck = 0720;
				ORGANIZATIONNAME = LazyPanda;
				TargetAttributes = {
					0DFFB2751B896E80001E1EA4 = {
						CreatedOnToolsVersion = 6.4;
						DevelopmentTeam = SFNJ2XD99K;
					};
					0DFFB28D1B896E81001E1EA4 = {
						CreatedOnToolsVersion = 6.4;
						TestTargetID = 0DFFB2751B896E80001E1EA4;
					};
				};
			};
			buildConfigurationList = 0DFFB2711B896E80001E1EA4 /* Build configuration list for PBXProject "DailyRecord" */;
			compatibilityVersion = "Xcode 3.2";
			developmentRegion = English;
			hasScannedForEncodings = 0;
			knownRegions = (
				en,
				Base,
			);
			mainGroup = 0DFFB26D1B896E80001E1EA4;
			productRefGroup = 0DFFB2771B896E80001E1EA4 /* Products */;
			projectDirPath = "";
			projectRoot = "";
			targets = (
				0DFFB2751B896E80001E1EA4 /* DailyRecord */,
				0DFFB28D1B896E81001E1EA4 /* DailyRecordTests */,
			);
		};
/* End PBXProject section */

/* Begin PBXResourcesBuildPhase section */
		0DFFB2741B896E80001E1EA4 /* Resources */ = {
			isa = PBXResourcesBuildPhase;
			buildActionMask = 2147483647;
			files = (
				9AC8B19F1C6D931C0064B5CC /* title_bar.png in Resources */,
				9A76AB851C74CD2B000E8B53 /* greendot.png in Resources */,
				9A76AB871C74CD2B000E8B53 /* whitedot.png in Resources */,
				9AD0561E1CD226F1000BC07E /* triangle05_pressed.png in Resources */,
				9A46CF6C1C7954DC00964A71 /* thisday.png in Resources */,
				9A46CF6D1C7954DC00964A71 /* thismonth.png in Resources */,
				9A35D4191CB33FE4008B26F3 /* plus.png in Resources */,
				9A46CF6B1C7954DC00964A71 /* forward.png in Resources */,
				9AC8B19B1C6D931C0064B5CC /* ic_launcher@3x.png in Resources */,
				0DFFB2841B896E80001E1EA4 /* Main.storyboard in Resources */,
				9A35D4181CB33FE4008B26F3 /* minus.png in Resources */,
				9AC8B1981C6D931C0064B5CC /* calendar.png in Resources */,
				9A76AB861C74CD2B000E8B53 /* reddot.png in Resources */,
				0DFFB2891B896E81001E1EA4 /* LaunchScreen.xib in Resources */,
				9AC8B1991C6D931C0064B5CC /* chart.png in Resources */,
				9AC8B19D1C6D931C0064B5CC /* setting.png in Resources */,
				9A76AB841C74CD2B000E8B53 /* blackdot.png in Resources */,
				9AD056211CD226F1000BC07E /* triangle06.png in Resources */,
				9AC8B19A1C6D931C0064B5CC /* ic_launcher@2x.png in Resources */,
				9AD056201CD226F1000BC07E /* triangle06_pressed.png in Resources */,
				0DFFB2861B896E81001E1EA4 /* Images.xcassets in Resources */,
				9AD0561F1CD226F1000BC07E /* triangle05.png in Resources */,
				9AC8B19C1C6D931C0064B5CC /* main_bg.jpg in Resources */,
				9A46CF6E1C7954DC00964A71 /* thisweek.png in Resources */,
				9AC8B19E1C6D931C0064B5CC /* template.png in Resources */,
			);
			runOnlyForDeploymentPostprocessing = 0;
		};
		0DFFB28C1B896E81001E1EA4 /* Resources */ = {
			isa = PBXResourcesBuildPhase;
			buildActionMask = 2147483647;
			files = (
			);
			runOnlyForDeploymentPostprocessing = 0;
		};
/* End PBXResourcesBuildPhase section */

/* Begin PBXShellScriptBuildPhase section */
		5FA7706DE03D13D4911279DE /* Check Pods Manifest.lock */ = {
			isa = PBXShellScriptBuildPhase;
			buildActionMask = 2147483647;
			files = (
			);
			inputPaths = (
			);
			name = "Check Pods Manifest.lock";
			outputPaths = (
			);
			runOnlyForDeploymentPostprocessing = 0;
			shellPath = /bin/sh;
			shellScript = "diff \"${PODS_ROOT}/../Podfile.lock\" \"${PODS_ROOT}/Manifest.lock\" > /dev/null\nif [[ $? != 0 ]] ; then\n    cat << EOM\nerror: The sandbox is not in sync with the Podfile.lock. Run 'pod install' or update your CocoaPods installation.\nEOM\n    exit 1\nfi\n";
			showEnvVarsInLog = 0;
		};
		FA57796CE391BA4A57FDECFD /* Embed Pods Frameworks */ = {
			isa = PBXShellScriptBuildPhase;
			buildActionMask = 2147483647;
			files = (
			);
			inputPaths = (
			);
			name = "Embed Pods Frameworks";
			outputPaths = (
			);
			runOnlyForDeploymentPostprocessing = 0;
			shellPath = /bin/sh;
			shellScript = "\"${SRCROOT}/Pods/Target Support Files/Pods-DailyRecord/Pods-DailyRecord-frameworks.sh\"\n";
			showEnvVarsInLog = 0;
		};
		FC146E2035E9CA2BFA9A6DB5 /* Copy Pods Resources */ = {
			isa = PBXShellScriptBuildPhase;
			buildActionMask = 2147483647;
			files = (
			);
			inputPaths = (
			);
			name = "Copy Pods Resources";
			outputPaths = (
			);
			runOnlyForDeploymentPostprocessing = 0;
			shellPath = /bin/sh;
			shellScript = "\"${SRCROOT}/Pods/Target Support Files/Pods-DailyRecord/Pods-DailyRecord-resources.sh\"\n";
			showEnvVarsInLog = 0;
		};
/* End PBXShellScriptBuildPhase section */

/* Begin PBXSourcesBuildPhase section */
		0DFFB2721B896E80001E1EA4 /* Sources */ = {
			isa = PBXSourcesBuildPhase;
			buildActionMask = 2147483647;
			files = (
				9AE9E5311CD34EA1004A47B5 /* IndustryContentDialogVIewController.swift in Sources */,
				9AD94BBC1C6D644D006216BB /* CalendarViewController.swift in Sources */,
				9AE9E5331CD3A833004A47B5 /* RemindViewController.swift in Sources */,
				9AE9E5351CD3A8B3004A47B5 /* AddRemindViewController.swift in Sources */,
				9A7F8B6C1CCA5681004BC3AC /* CheckDialogViewController.swift in Sources */,
				9A6E08EA1C7011EC00C0358A /* RecordTemplate.swift in Sources */,
				9A0794CD1CD4682300A6F664 /* RepeatDialogViewController.swift in Sources */,
				0DFFB2811B896E80001E1EA4 /* ViewController.swift in Sources */,
				9AD056191CD1F71F000BC07E /* DayCollectionViewCell.swift in Sources */,
				9AD056231CD2318E000BC07E /* CalendarDayViewController.swift in Sources */,
				0DFFB27F1B896E80001E1EA4 /* DailyRecord.xcdatamodeld in Sources */,
				9A0794CF1CD4ADCF00A6F664 /* RemindTableViewCell.swift in Sources */,
				0DFFB27C1B896E80001E1EA4 /* AppDelegate.swift in Sources */,
				9AE9E52F1CD24F9A004A47B5 /* IndustryCollectionViewCell.swift in Sources */,
				9A25FF281CCD98E600A255F8 /* CheckViewController.swift in Sources */,
				9A7F8B761CCC73A1004BC3AC /* RecordViewController.swift in Sources */,
				9A7F8B741CCC6232004BC3AC /* CustomPNPieChart.swift in Sources */,
				9AE9E5371CD3AAA3004A47B5 /* Remind.swift in Sources */,
				9A1C3F461CB2BA8800F134F0 /* DatePickerDialog.swift in Sources */,
				9A1C3F441CB2B26600F134F0 /* Utils.swift in Sources */,
				9A7F8B681CCA26B2004BC3AC /* CheckAndSumSettingViewController.swift in Sources */,
				9A5F605B1C6C9A3F0097F6F6 /* SettingViewController.swift in Sources */,
				9AE8F6221C7611C500471786 /* AddTemplateViewController.swift in Sources */,
				9A7908191C7BED14008CE40F /* IndustryViewController.swift in Sources */,
				9A7F8B6A1CCA364F004BC3AC /* Industry.swift in Sources */,
				9AD94BBA1C6D6426006216BB /* ChartViewController.swift in Sources */,
				9A79081B1C7BED2A008CE40F /* CheckSummaryViewController.swift in Sources */,
				9ACCA6251C6EC2CD00AF7D55 /* AboutViewController.swift in Sources */,
				9AD94BBE1C6D6460006216BB /* TemplateViewController.swift in Sources */,
			);
			runOnlyForDeploymentPostprocessing = 0;
		};
		0DFFB28A1B896E81001E1EA4 /* Sources */ = {
			isa = PBXSourcesBuildPhase;
			buildActionMask = 2147483647;
			files = (
				0DFFB2951B896E81001E1EA4 /* DailyRecordTests.swift in Sources */,
			);
			runOnlyForDeploymentPostprocessing = 0;
		};
/* End PBXSourcesBuildPhase section */

/* Begin PBXTargetDependency section */
		0DFFB2901B896E81001E1EA4 /* PBXTargetDependency */ = {
			isa = PBXTargetDependency;
			target = 0DFFB2751B896E80001E1EA4 /* DailyRecord */;
			targetProxy = 0DFFB28F1B896E81001E1EA4 /* PBXContainerItemProxy */;
		};
/* End PBXTargetDependency section */

/* Begin PBXVariantGroup section */
		0DFFB2821B896E80001E1EA4 /* Main.storyboard */ = {
			isa = PBXVariantGroup;
			children = (
				0DFFB2831B896E80001E1EA4 /* Base */,
			);
			name = Main.storyboard;
			sourceTree = "<group>";
		};
		0DFFB2871B896E81001E1EA4 /* LaunchScreen.xib */ = {
			isa = PBXVariantGroup;
			children = (
				0DFFB2881B896E81001E1EA4 /* Base */,
			);
			name = LaunchScreen.xib;
			sourceTree = "<group>";
		};
/* End PBXVariantGroup section */

/* Begin XCBuildConfiguration section */
		0DFFB2961B896E81001E1EA4 /* Debug */ = {
			isa = XCBuildConfiguration;
			buildSettings = {
				ALWAYS_SEARCH_USER_PATHS = NO;
				CLANG_CXX_LANGUAGE_STANDARD = "gnu++0x";
				CLANG_CXX_LIBRARY = "libc++";
				CLANG_ENABLE_MODULES = YES;
				CLANG_ENABLE_OBJC_ARC = YES;
				CLANG_WARN_BOOL_CONVERSION = YES;
				CLANG_WARN_CONSTANT_CONVERSION = YES;
				CLANG_WARN_DIRECT_OBJC_ISA_USAGE = YES_ERROR;
				CLANG_WARN_EMPTY_BODY = YES;
				CLANG_WARN_ENUM_CONVERSION = YES;
				CLANG_WARN_INT_CONVERSION = YES;
				CLANG_WARN_OBJC_ROOT_CLASS = YES_ERROR;
				CLANG_WARN_UNREACHABLE_CODE = YES;
				CLANG_WARN__DUPLICATE_METHOD_MATCH = YES;
				"CODE_SIGN_IDENTITY[sdk=iphoneos*]" = "iPhone Developer";
				COPY_PHASE_STRIP = NO;
				DEBUG_INFORMATION_FORMAT = "dwarf-with-dsym";
				ENABLE_STRICT_OBJC_MSGSEND = YES;
				ENABLE_TESTABILITY = YES;
				GCC_C_LANGUAGE_STANDARD = gnu99;
				GCC_DYNAMIC_NO_PIC = NO;
				GCC_NO_COMMON_BLOCKS = YES;
				GCC_OPTIMIZATION_LEVEL = 0;
				GCC_PREPROCESSOR_DEFINITIONS = (
					"DEBUG=1",
					"$(inherited)",
				);
				GCC_SYMBOLS_PRIVATE_EXTERN = NO;
				GCC_WARN_64_TO_32_BIT_CONVERSION = YES;
				GCC_WARN_ABOUT_RETURN_TYPE = YES_ERROR;
				GCC_WARN_UNDECLARED_SELECTOR = YES;
				GCC_WARN_UNINITIALIZED_AUTOS = YES_AGGRESSIVE;
				GCC_WARN_UNUSED_FUNCTION = YES;
				GCC_WARN_UNUSED_VARIABLE = YES;
				IPHONEOS_DEPLOYMENT_TARGET = 9.0;
				MTL_ENABLE_DEBUG_INFO = YES;
				ONLY_ACTIVE_ARCH = YES;
				SDKROOT = iphoneos;
				SWIFT_OPTIMIZATION_LEVEL = "-Onone";
				TARGETED_DEVICE_FAMILY = "1,2";
			};
			name = Debug;
		};
		0DFFB2971B896E81001E1EA4 /* Release */ = {
			isa = XCBuildConfiguration;
			buildSettings = {
				ALWAYS_SEARCH_USER_PATHS = NO;
				CLANG_CXX_LANGUAGE_STANDARD = "gnu++0x";
				CLANG_CXX_LIBRARY = "libc++";
				CLANG_ENABLE_MODULES = YES;
				CLANG_ENABLE_OBJC_ARC = YES;
				CLANG_WARN_BOOL_CONVERSION = YES;
				CLANG_WARN_CONSTANT_CONVERSION = YES;
				CLANG_WARN_DIRECT_OBJC_ISA_USAGE = YES_ERROR;
				CLANG_WARN_EMPTY_BODY = YES;
				CLANG_WARN_ENUM_CONVERSION = YES;
				CLANG_WARN_INT_CONVERSION = YES;
				CLANG_WARN_OBJC_ROOT_CLASS = YES_ERROR;
				CLANG_WARN_UNREACHABLE_CODE = YES;
				CLANG_WARN__DUPLICATE_METHOD_MATCH = YES;
				"CODE_SIGN_IDENTITY[sdk=iphoneos*]" = "iPhone Developer";
				COPY_PHASE_STRIP = NO;
				DEBUG_INFORMATION_FORMAT = "dwarf-with-dsym";
				ENABLE_NS_ASSERTIONS = NO;
				ENABLE_STRICT_OBJC_MSGSEND = YES;
				GCC_C_LANGUAGE_STANDARD = gnu99;
				GCC_NO_COMMON_BLOCKS = YES;
				GCC_WARN_64_TO_32_BIT_CONVERSION = YES;
				GCC_WARN_ABOUT_RETURN_TYPE = YES_ERROR;
				GCC_WARN_UNDECLARED_SELECTOR = YES;
				GCC_WARN_UNINITIALIZED_AUTOS = YES_AGGRESSIVE;
				GCC_WARN_UNUSED_FUNCTION = YES;
				GCC_WARN_UNUSED_VARIABLE = YES;
				IPHONEOS_DEPLOYMENT_TARGET = 9.0;
				MTL_ENABLE_DEBUG_INFO = NO;
				SDKROOT = iphoneos;
				TARGETED_DEVICE_FAMILY = "1,2";
				VALIDATE_PRODUCT = YES;
			};
			name = Release;
		};
		0DFFB2991B896E81001E1EA4 /* Debug */ = {
			isa = XCBuildConfiguration;
			baseConfigurationReference = DBF5CAD9252C59CCEFB9F1A0 /* Pods-DailyRecord.debug.xcconfig */;
			buildSettings = {
				ASSETCATALOG_COMPILER_APPICON_NAME = AppIcon;
				ASSETCATALOG_COMPILER_LAUNCHIMAGE_NAME = LaunchImage;
				CLANG_ENABLE_MODULES = YES;
				CODE_SIGN_IDENTITY = "iPhone Developer";
				"CODE_SIGN_IDENTITY[sdk=iphoneos*]" = "iPhone Developer";
				INFOPLIST_FILE = DailyRecord/Info.plist;
				LD_RUNPATH_SEARCH_PATHS = "$(inherited) @executable_path/Frameworks";
				PRODUCT_BUNDLE_IDENTIFIER = "com.lazypanda.$(PRODUCT_NAME:rfc1034identifier)";
				PRODUCT_NAME = "功过格";
				PROVISIONING_PROFILE = "";
				SWIFT_OBJC_BRIDGING_HEADER = "DailyRecord/DailyRecord-Bridging-Header.h";
				SWIFT_OPTIMIZATION_LEVEL = "-Onone";
				TARGETED_DEVICE_FAMILY = 1;
			};
			name = Debug;
		};
		0DFFB29A1B896E81001E1EA4 /* Release */ = {
			isa = XCBuildConfiguration;
			baseConfigurationReference = 01533493C53F8944702EA0BC /* Pods-DailyRecord.release.xcconfig */;
			buildSettings = {
				ASSETCATALOG_COMPILER_APPICON_NAME = AppIcon;
				ASSETCATALOG_COMPILER_LAUNCHIMAGE_NAME = LaunchImage;
				CLANG_ENABLE_MODULES = YES;
				CODE_SIGN_IDENTITY = "iPhone Developer";
				"CODE_SIGN_IDENTITY[sdk=iphoneos*]" = "iPhone Developer";
				INFOPLIST_FILE = DailyRecord/Info.plist;
				LD_RUNPATH_SEARCH_PATHS = "$(inherited) @executable_path/Frameworks";
				PRODUCT_BUNDLE_IDENTIFIER = "com.lazypanda.$(PRODUCT_NAME:rfc1034identifier)";
				PRODUCT_NAME = "功过格";
				PROVISIONING_PROFILE = "";
				SWIFT_OBJC_BRIDGING_HEADER = "DailyRecord/DailyRecord-Bridging-Header.h";
				TARGETED_DEVICE_FAMILY = 1;
			};
			name = Release;
		};
		0DFFB29C1B896E81001E1EA4 /* Debug */ = {
			isa = XCBuildConfiguration;
			buildSettings = {
				BUNDLE_LOADER = "$(TEST_HOST)";
				FRAMEWORK_SEARCH_PATHS = (
					"$(SDKROOT)/Developer/Library/Frameworks",
					"$(inherited)",
				);
				GCC_PREPROCESSOR_DEFINITIONS = (
					"DEBUG=1",
					"$(inherited)",
				);
				INFOPLIST_FILE = DailyRecordTests/Info.plist;
				LD_RUNPATH_SEARCH_PATHS = "$(inherited) @executable_path/Frameworks @loader_path/Frameworks";
				PRODUCT_BUNDLE_IDENTIFIER = "com.lazypanda.$(PRODUCT_NAME:rfc1034identifier)";
				PRODUCT_NAME = "$(TARGET_NAME)";
				TEST_HOST = "$(BUILT_PRODUCTS_DIR)/DailyRecord.app/DailyRecord";
			};
			name = Debug;
		};
		0DFFB29D1B896E81001E1EA4 /* Release */ = {
			isa = XCBuildConfiguration;
			buildSettings = {
				BUNDLE_LOADER = "$(TEST_HOST)";
				FRAMEWORK_SEARCH_PATHS = (
					"$(SDKROOT)/Developer/Library/Frameworks",
					"$(inherited)",
				);
				INFOPLIST_FILE = DailyRecordTests/Info.plist;
				LD_RUNPATH_SEARCH_PATHS = "$(inherited) @executable_path/Frameworks @loader_path/Frameworks";
				PRODUCT_BUNDLE_IDENTIFIER = "com.lazypanda.$(PRODUCT_NAME:rfc1034identifier)";
				PRODUCT_NAME = "$(TARGET_NAME)";
				TEST_HOST = "$(BUILT_PRODUCTS_DIR)/DailyRecord.app/DailyRecord";
			};
			name = Release;
		};
/* End XCBuildConfiguration section */

/* Begin XCConfigurationList section */
		0DFFB2711B896E80001E1EA4 /* Build configuration list for PBXProject "DailyRecord" */ = {
			isa = XCConfigurationList;
			buildConfigurations = (
				0DFFB2961B896E81001E1EA4 /* Debug */,
				0DFFB2971B896E81001E1EA4 /* Release */,
			);
			defaultConfigurationIsVisible = 0;
			defaultConfigurationName = Release;
		};
		0DFFB2981B896E81001E1EA4 /* Build configuration list for PBXNativeTarget "DailyRecord" */ = {
			isa = XCConfigurationList;
			buildConfigurations = (
				0DFFB2991B896E81001E1EA4 /* Debug */,
				0DFFB29A1B896E81001E1EA4 /* Release */,
			);
			defaultConfigurationIsVisible = 0;
			defaultConfigurationName = Release;
		};
		0DFFB29B1B896E81001E1EA4 /* Build configuration list for PBXNativeTarget "DailyRecordTests" */ = {
			isa = XCConfigurationList;
			buildConfigurations = (
				0DFFB29C1B896E81001E1EA4 /* Debug */,
				0DFFB29D1B896E81001E1EA4 /* Release */,
			);
			defaultConfigurationIsVisible = 0;
			defaultConfigurationName = Release;
		};
/* End XCConfigurationList section */

/* Begin XCVersionGroup section */
		0DFFB27D1B896E80001E1EA4 /* DailyRecord.xcdatamodeld */ = {
			isa = XCVersionGroup;
			children = (
				0DFFB27E1B896E80001E1EA4 /* DailyRecord.xcdatamodel */,
			);
			currentVersion = 0DFFB27E1B896E80001E1EA4 /* DailyRecord.xcdatamodel */;
			path = DailyRecord.xcdatamodeld;
			sourceTree = "<group>";
			versionGroupType = wrapper.xcdatamodel;
		};
/* End XCVersionGroup section */
	};
	rootObject = 0DFFB26E1B896E80001E1EA4 /* Project object */;
}
